// !$*UTF8*$!
{
	archiveVersion = 1;
	classes = {
	};
	objectVersion = 56;
	objects = {

/* Begin PBXBuildFile section */
		B54259E92C20867600B9FA30 /* CircleImage.swift in Sources */ = {isa = PBXBuildFile; fileRef = B54259E82C20867600B9FA30 /* CircleImage.swift */; };
		B54259EB2C2087CF00B9FA30 /* MapView.swift in Sources */ = {isa = PBXBuildFile; fileRef = B54259EA2C2087CF00B9FA30 /* MapView.swift */; };
		B54259ED2C208C5C00B9FA30 /* landmarkData.json in Resources */ = {isa = PBXBuildFile; fileRef = B54259EC2C208C5C00B9FA30 /* landmarkData.json */; };
		B54259EF2C208C9300B9FA30 /* Landmark.swift in Sources */ = {isa = PBXBuildFile; fileRef = B54259EE2C208C9300B9FA30 /* Landmark.swift */; };
		B54259F32C208FAF00B9FA30 /* ModelData.swift in Sources */ = {isa = PBXBuildFile; fileRef = B54259F22C208FAF00B9FA30 /* ModelData.swift */; };
		B54259F82C20917600B9FA30 /* LandmarkRow.swift in Sources */ = {isa = PBXBuildFile; fileRef = B54259F72C20917600B9FA30 /* LandmarkRow.swift */; };
		B54259FA2C20937D00B9FA30 /* LandmarkList.swift in Sources */ = {isa = PBXBuildFile; fileRef = B54259F92C20937D00B9FA30 /* LandmarkList.swift */; };
		B54259FC2C20980100B9FA30 /* LandmarkDetail.swift in Sources */ = {isa = PBXBuildFile; fileRef = B54259FB2C20980100B9FA30 /* LandmarkDetail.swift */; };
		B54259FE2C20AD8C00B9FA30 /* FavoriteButton.swift in Sources */ = {isa = PBXBuildFile; fileRef = B54259FD2C20AD8C00B9FA30 /* FavoriteButton.swift */; };
		B5425A022C20B32800B9FA30 /* HexagonParameters.swift in Sources */ = {isa = PBXBuildFile; fileRef = B5425A012C20B32800B9FA30 /* HexagonParameters.swift */; };
		B5425A042C20B62400B9FA30 /* BadgeBackground.swift in Sources */ = {isa = PBXBuildFile; fileRef = B5425A032C20B62400B9FA30 /* BadgeBackground.swift */; };
		B5425A062C20C1BB00B9FA30 /* BadgeSymbol.swift in Sources */ = {isa = PBXBuildFile; fileRef = B5425A052C20C1BB00B9FA30 /* BadgeSymbol.swift */; };
		B5425A082C20C4A300B9FA30 /* RotatedBadgeSymbol.swift in Sources */ = {isa = PBXBuildFile; fileRef = B5425A072C20C4A300B9FA30 /* RotatedBadgeSymbol.swift */; };
		B5425A0A2C20C53500B9FA30 /* Badge.swift in Sources */ = {isa = PBXBuildFile; fileRef = B5425A092C20C53500B9FA30 /* Badge.swift */; };
		B5425A0D2C20CA2600B9FA30 /* hikeData.json in Resources */ = {isa = PBXBuildFile; fileRef = B5425A0C2C20CA2600B9FA30 /* hikeData.json */; };
		B5425A0F2C20CA4300B9FA30 /* Hike.swift in Sources */ = {isa = PBXBuildFile; fileRef = B5425A0E2C20CA4300B9FA30 /* Hike.swift */; };
		B5425A152C20CB9900B9FA30 /* GraphCapsule.swift in Sources */ = {isa = PBXBuildFile; fileRef = B5425A102C20CB9900B9FA30 /* GraphCapsule.swift */; };
		B5425A162C20CB9900B9FA30 /* HikeDetail.swift in Sources */ = {isa = PBXBuildFile; fileRef = B5425A112C20CB9900B9FA30 /* HikeDetail.swift */; };
		B5425A172C20CB9900B9FA30 /* HikeGraph.swift in Sources */ = {isa = PBXBuildFile; fileRef = B5425A122C20CB9900B9FA30 /* HikeGraph.swift */; };
		B5425A182C20CB9900B9FA30 /* HikeView.swift in Sources */ = {isa = PBXBuildFile; fileRef = B5425A132C20CB9900B9FA30 /* HikeView.swift */; };
		B5425A1A2C20D56800B9FA30 /* CategoryHome.swift in Sources */ = {isa = PBXBuildFile; fileRef = B5425A192C20D56800B9FA30 /* CategoryHome.swift */; };
		B5425A1C2C21E42100B9FA30 /* CategoryRow.swift in Sources */ = {isa = PBXBuildFile; fileRef = B5425A1B2C21E42100B9FA30 /* CategoryRow.swift */; };
		B5425A1E2C21E75D00B9FA30 /* CategoryItem.swift in Sources */ = {isa = PBXBuildFile; fileRef = B5425A1D2C21E75D00B9FA30 /* CategoryItem.swift */; };
		B5425A202C21F30B00B9FA30 /* profile.swift in Sources */ = {isa = PBXBuildFile; fileRef = B5425A1F2C21F30B00B9FA30 /* profile.swift */; };
		B5425A222C21F44200B9FA30 /* ProfileHost.swift in Sources */ = {isa = PBXBuildFile; fileRef = B5425A212C21F44200B9FA30 /* ProfileHost.swift */; };
		B5425A242C21F62800B9FA30 /* ProfileSummary.swift in Sources */ = {isa = PBXBuildFile; fileRef = B5425A232C21F62800B9FA30 /* ProfileSummary.swift */; };
		B5425A262C21F76400B9FA30 /* HikeBadge.swift in Sources */ = {isa = PBXBuildFile; fileRef = B5425A252C21F76400B9FA30 /* HikeBadge.swift */; };
		B5425A282C22008300B9FA30 /* ProfileEditor.swift in Sources */ = {isa = PBXBuildFile; fileRef = B5425A272C22008300B9FA30 /* ProfileEditor.swift */; };
		B5425A2A2C2206E600B9FA30 /* PageViewController.swift in Sources */ = {isa = PBXBuildFile; fileRef = B5425A292C2206E600B9FA30 /* PageViewController.swift */; };
		B5425A2D2C22099000B9FA30 /* FeatureCard.swift in Sources */ = {isa = PBXBuildFile; fileRef = B5425A2C2C22099000B9FA30 /* FeatureCard.swift */; };
		B5425A2F2C220F9800B9FA30 /* PageView.swift in Sources */ = {isa = PBXBuildFile; fileRef = B5425A2E2C220F9800B9FA30 /* PageView.swift */; };
		B5425A312C2236B500B9FA30 /* PageControl.swift in Sources */ = {isa = PBXBuildFile; fileRef = B5425A302C2236B500B9FA30 /* PageControl.swift */; };
		B5425AA92C2329CC00B9FA30 /* ContentView.swift in Sources */ = {isa = PBXBuildFile; fileRef = B5425AA82C2329CC00B9FA30 /* ContentView.swift */; };
		B5425AAB2C2329CE00B9FA30 /* Assets.xcassets in Resources */ = {isa = PBXBuildFile; fileRef = B5425AAA2C2329CE00B9FA30 /* Assets.xcassets */; };
		B5425AAE2C2329CE00B9FA30 /* Preview Assets.xcassets in Resources */ = {isa = PBXBuildFile; fileRef = B5425AAD2C2329CE00B9FA30 /* Preview Assets.xcassets */; };
		B5425AB92C2329CF00B9FA30 /* MacLandmarksTests.swift in Sources */ = {isa = PBXBuildFile; fileRef = B5425AB82C2329CF00B9FA30 /* MacLandmarksTests.swift */; };
		B5425AC32C2329CF00B9FA30 /* MacLandmarksUITests.swift in Sources */ = {isa = PBXBuildFile; fileRef = B5425AC22C2329CF00B9FA30 /* MacLandmarksUITests.swift */; };
		B5425AC52C2329CF00B9FA30 /* MacLandmarksUITestsLaunchTests.swift in Sources */ = {isa = PBXBuildFile; fileRef = B5425AC42C2329CF00B9FA30 /* MacLandmarksUITestsLaunchTests.swift */; };
		B5425ACF2C232C6300B9FA30 /* Hike.swift in Sources */ = {isa = PBXBuildFile; fileRef = B5425A0E2C20CA4300B9FA30 /* Hike.swift */; };
		B5425AD02C232C6300B9FA30 /* LandmarkRow.swift in Sources */ = {isa = PBXBuildFile; fileRef = B54259F72C20917600B9FA30 /* LandmarkRow.swift */; };
		B5425AD12C232C6300B9FA30 /* Landmark.swift in Sources */ = {isa = PBXBuildFile; fileRef = B54259EE2C208C9300B9FA30 /* Landmark.swift */; };
		B5425AD22C232C6300B9FA30 /* LandmarksApp.swift in Sources */ = {isa = PBXBuildFile; fileRef = B562432C2C1CE327001257E1 /* LandmarksApp.swift */; };
		B5425AD32C232C6300B9FA30 /* ModelData.swift in Sources */ = {isa = PBXBuildFile; fileRef = B54259F22C208FAF00B9FA30 /* ModelData.swift */; };
		B5425AD42C232C6300B9FA30 /* LandmarkList.swift in Sources */ = {isa = PBXBuildFile; fileRef = B54259F92C20937D00B9FA30 /* LandmarkList.swift */; };
		B5425AD52C232C6300B9FA30 /* CircleImage.swift in Sources */ = {isa = PBXBuildFile; fileRef = B54259E82C20867600B9FA30 /* CircleImage.swift */; };
		B5425AD62C232C6300B9FA30 /* MapView.swift in Sources */ = {isa = PBXBuildFile; fileRef = B54259EA2C2087CF00B9FA30 /* MapView.swift */; };
		B5425AD72C232C6300B9FA30 /* profile.swift in Sources */ = {isa = PBXBuildFile; fileRef = B5425A1F2C21F30B00B9FA30 /* profile.swift */; };
		B5425AD82C232C6300B9FA30 /* FavoriteButton.swift in Sources */ = {isa = PBXBuildFile; fileRef = B54259FD2C20AD8C00B9FA30 /* FavoriteButton.swift */; };
		B5425AD92C232C6300B9FA30 /* Assets.xcassets in Resources */ = {isa = PBXBuildFile; fileRef = B56243302C1CE32A001257E1 /* Assets.xcassets */; };
		B5425ADA2C232C6300B9FA30 /* landmarkData.json in Resources */ = {isa = PBXBuildFile; fileRef = B54259EC2C208C5C00B9FA30 /* landmarkData.json */; };
		B5425ADB2C232C6300B9FA30 /* hikeData.json in Resources */ = {isa = PBXBuildFile; fileRef = B5425A0C2C20CA2600B9FA30 /* hikeData.json */; };
		B5425AE82C24893F00B9FA30 /* Contents.json in Resources */ = {isa = PBXBuildFile; fileRef = B5425ADC2C24893E00B9FA30 /* Contents.json */; };
		B5425AE92C24893F00B9FA30 /* landmark_app_icon_16x16.png in Resources */ = {isa = PBXBuildFile; fileRef = B5425ADD2C24893E00B9FA30 /* landmark_app_icon_16x16.png */; };
		B5425AEA2C24893F00B9FA30 /* landmark_app_icon_32x32-1.png in Resources */ = {isa = PBXBuildFile; fileRef = B5425ADE2C24893E00B9FA30 /* landmark_app_icon_32x32-1.png */; };
		B5425AEB2C24893F00B9FA30 /* landmark_app_icon_32x32.png in Resources */ = {isa = PBXBuildFile; fileRef = B5425ADF2C24893E00B9FA30 /* landmark_app_icon_32x32.png */; };
		B5425AEC2C24893F00B9FA30 /* landmark_app_icon_64x64.png in Resources */ = {isa = PBXBuildFile; fileRef = B5425AE02C24893E00B9FA30 /* landmark_app_icon_64x64.png */; };
		B5425AED2C24893F00B9FA30 /* landmark_app_icon_128x128.png in Resources */ = {isa = PBXBuildFile; fileRef = B5425AE12C24893E00B9FA30 /* landmark_app_icon_128x128.png */; };
		B5425AEE2C24893F00B9FA30 /* landmark_app_icon_256x256-1.png in Resources */ = {isa = PBXBuildFile; fileRef = B5425AE22C24893E00B9FA30 /* landmark_app_icon_256x256-1.png */; };
		B5425AEF2C24893F00B9FA30 /* landmark_app_icon_256x256.png in Resources */ = {isa = PBXBuildFile; fileRef = B5425AE32C24893E00B9FA30 /* landmark_app_icon_256x256.png */; };
		B5425AF02C24893F00B9FA30 /* landmark_app_icon_512x512-1.png in Resources */ = {isa = PBXBuildFile; fileRef = B5425AE42C24893E00B9FA30 /* landmark_app_icon_512x512-1.png */; };
		B5425AF12C24893F00B9FA30 /* landmark_app_icon_512x512.png in Resources */ = {isa = PBXBuildFile; fileRef = B5425AE52C24893E00B9FA30 /* landmark_app_icon_512x512.png */; };
		B5425AF22C24893F00B9FA30 /* landmark_app_icon_1024x1024-2.png in Resources */ = {isa = PBXBuildFile; fileRef = B5425AE62C24893E00B9FA30 /* landmark_app_icon_1024x1024-2.png */; };
		B5425AF42C248A7400B9FA30 /* Landmarkdetail.swift in Sources */ = {isa = PBXBuildFile; fileRef = B5425AF32C248A7400B9FA30 /* Landmarkdetail.swift */; };
		B562432D2C1CE327001257E1 /* LandmarksApp.swift in Sources */ = {isa = PBXBuildFile; fileRef = B562432C2C1CE327001257E1 /* LandmarksApp.swift */; };
		B562432F2C1CE327001257E1 /* ContentView.swift in Sources */ = {isa = PBXBuildFile; fileRef = B562432E2C1CE327001257E1 /* ContentView.swift */; };
		B56243312C1CE32A001257E1 /* Assets.xcassets in Resources */ = {isa = PBXBuildFile; fileRef = B56243302C1CE32A001257E1 /* Assets.xcassets */; };
		B56243342C1CE32A001257E1 /* Preview Assets.xcassets in Resources */ = {isa = PBXBuildFile; fileRef = B56243332C1CE32A001257E1 /* Preview Assets.xcassets */; };
		B562433E2C1CE32A001257E1 /* LandmarksTests.swift in Sources */ = {isa = PBXBuildFile; fileRef = B562433D2C1CE32A001257E1 /* LandmarksTests.swift */; };
		B56243482C1CE32A001257E1 /* LandmarksUITests.swift in Sources */ = {isa = PBXBuildFile; fileRef = B56243472C1CE32A001257E1 /* LandmarksUITests.swift */; };
		B562434A2C1CE32A001257E1 /* LandmarksUITestsLaunchTests.swift in Sources */ = {isa = PBXBuildFile; fileRef = B56243492C1CE32A001257E1 /* LandmarksUITestsLaunchTests.swift */; };
/* End PBXBuildFile section */

/* Begin PBXContainerItemProxy section */
		B5425AB52C2329CF00B9FA30 /* PBXContainerItemProxy */ = {
			isa = PBXContainerItemProxy;
			containerPortal = B56243212C1CE327001257E1 /* Project object */;
			proxyType = 1;
			remoteGlobalIDString = B5425AA32C2329CC00B9FA30;
			remoteInfo = MacLandmarks;
		};
		B5425ABF2C2329CF00B9FA30 /* PBXContainerItemProxy */ = {
			isa = PBXContainerItemProxy;
			containerPortal = B56243212C1CE327001257E1 /* Project object */;
			proxyType = 1;
			remoteGlobalIDString = B5425AA32C2329CC00B9FA30;
			remoteInfo = MacLandmarks;
		};
		B562433A2C1CE32A001257E1 /* PBXContainerItemProxy */ = {
			isa = PBXContainerItemProxy;
			containerPortal = B56243212C1CE327001257E1 /* Project object */;
			proxyType = 1;
			remoteGlobalIDString = B56243282C1CE327001257E1;
			remoteInfo = Landmarks;
		};
		B56243442C1CE32A001257E1 /* PBXContainerItemProxy */ = {
			isa = PBXContainerItemProxy;
			containerPortal = B56243212C1CE327001257E1 /* Project object */;
			proxyType = 1;
			remoteGlobalIDString = B56243282C1CE327001257E1;
			remoteInfo = Landmarks;
		};
/* End PBXContainerItemProxy section */

/* Begin PBXFileReference section */
		B54259E82C20867600B9FA30 /* CircleImage.swift */ = {isa = PBXFileReference; lastKnownFileType = sourcecode.swift; path = CircleImage.swift; sourceTree = "<group>"; };
		B54259EA2C2087CF00B9FA30 /* MapView.swift */ = {isa = PBXFileReference; lastKnownFileType = sourcecode.swift; path = MapView.swift; sourceTree = "<group>"; };
		B54259EC2C208C5C00B9FA30 /* landmarkData.json */ = {isa = PBXFileReference; fileEncoding = 4; lastKnownFileType = text.json; path = landmarkData.json; sourceTree = "<group>"; };
		B54259EE2C208C9300B9FA30 /* Landmark.swift */ = {isa = PBXFileReference; lastKnownFileType = sourcecode.swift; path = Landmark.swift; sourceTree = "<group>"; };
		B54259F22C208FAF00B9FA30 /* ModelData.swift */ = {isa = PBXFileReference; lastKnownFileType = sourcecode.swift; path = ModelData.swift; sourceTree = "<group>"; };
		B54259F72C20917600B9FA30 /* LandmarkRow.swift */ = {isa = PBXFileReference; lastKnownFileType = sourcecode.swift; path = LandmarkRow.swift; sourceTree = "<group>"; };
		B54259F92C20937D00B9FA30 /* LandmarkList.swift */ = {isa = PBXFileReference; lastKnownFileType = sourcecode.swift; path = LandmarkList.swift; sourceTree = "<group>"; };
		B54259FB2C20980100B9FA30 /* LandmarkDetail.swift */ = {isa = PBXFileReference; lastKnownFileType = sourcecode.swift; path = LandmarkDetail.swift; sourceTree = "<group>"; };
		B54259FD2C20AD8C00B9FA30 /* FavoriteButton.swift */ = {isa = PBXFileReference; lastKnownFileType = sourcecode.swift; path = FavoriteButton.swift; sourceTree = "<group>"; };
		B5425A012C20B32800B9FA30 /* HexagonParameters.swift */ = {isa = PBXFileReference; lastKnownFileType = sourcecode.swift; path = HexagonParameters.swift; sourceTree = "<group>"; };
		B5425A032C20B62400B9FA30 /* BadgeBackground.swift */ = {isa = PBXFileReference; lastKnownFileType = sourcecode.swift; path = BadgeBackground.swift; sourceTree = "<group>"; };
		B5425A052C20C1BB00B9FA30 /* BadgeSymbol.swift */ = {isa = PBXFileReference; lastKnownFileType = sourcecode.swift; path = BadgeSymbol.swift; sourceTree = "<group>"; };
		B5425A072C20C4A300B9FA30 /* RotatedBadgeSymbol.swift */ = {isa = PBXFileReference; lastKnownFileType = sourcecode.swift; path = RotatedBadgeSymbol.swift; sourceTree = "<group>"; };
		B5425A092C20C53500B9FA30 /* Badge.swift */ = {isa = PBXFileReference; lastKnownFileType = sourcecode.swift; path = Badge.swift; sourceTree = "<group>"; };
		B5425A0C2C20CA2600B9FA30 /* hikeData.json */ = {isa = PBXFileReference; fileEncoding = 4; lastKnownFileType = text.json; path = hikeData.json; sourceTree = "<group>"; };
		B5425A0E2C20CA4300B9FA30 /* Hike.swift */ = {isa = PBXFileReference; lastKnownFileType = sourcecode.swift; path = Hike.swift; sourceTree = "<group>"; };
		B5425A102C20CB9900B9FA30 /* GraphCapsule.swift */ = {isa = PBXFileReference; fileEncoding = 4; lastKnownFileType = sourcecode.swift; path = GraphCapsule.swift; sourceTree = "<group>"; };
		B5425A112C20CB9900B9FA30 /* HikeDetail.swift */ = {isa = PBXFileReference; fileEncoding = 4; lastKnownFileType = sourcecode.swift; path = HikeDetail.swift; sourceTree = "<group>"; };
		B5425A122C20CB9900B9FA30 /* HikeGraph.swift */ = {isa = PBXFileReference; fileEncoding = 4; lastKnownFileType = sourcecode.swift; path = HikeGraph.swift; sourceTree = "<group>"; };
		B5425A132C20CB9900B9FA30 /* HikeView.swift */ = {isa = PBXFileReference; fileEncoding = 4; lastKnownFileType = sourcecode.swift; path = HikeView.swift; sourceTree = "<group>"; };
		B5425A192C20D56800B9FA30 /* CategoryHome.swift */ = {isa = PBXFileReference; lastKnownFileType = sourcecode.swift; path = CategoryHome.swift; sourceTree = "<group>"; };
		B5425A1B2C21E42100B9FA30 /* CategoryRow.swift */ = {isa = PBXFileReference; lastKnownFileType = sourcecode.swift; path = CategoryRow.swift; sourceTree = "<group>"; };
		B5425A1D2C21E75D00B9FA30 /* CategoryItem.swift */ = {isa = PBXFileReference; lastKnownFileType = sourcecode.swift; path = CategoryItem.swift; sourceTree = "<group>"; };
		B5425A1F2C21F30B00B9FA30 /* profile.swift */ = {isa = PBXFileReference; lastKnownFileType = sourcecode.swift; path = profile.swift; sourceTree = "<group>"; };
		B5425A212C21F44200B9FA30 /* ProfileHost.swift */ = {isa = PBXFileReference; lastKnownFileType = sourcecode.swift; path = ProfileHost.swift; sourceTree = "<group>"; };
		B5425A232C21F62800B9FA30 /* ProfileSummary.swift */ = {isa = PBXFileReference; lastKnownFileType = sourcecode.swift; path = ProfileSummary.swift; sourceTree = "<group>"; };
		B5425A252C21F76400B9FA30 /* HikeBadge.swift */ = {isa = PBXFileReference; lastKnownFileType = sourcecode.swift; path = HikeBadge.swift; sourceTree = "<group>"; };
		B5425A272C22008300B9FA30 /* ProfileEditor.swift */ = {isa = PBXFileReference; lastKnownFileType = sourcecode.swift; path = ProfileEditor.swift; sourceTree = "<group>"; };
		B5425A292C2206E600B9FA30 /* PageViewController.swift */ = {isa = PBXFileReference; lastKnownFileType = sourcecode.swift; path = PageViewController.swift; sourceTree = "<group>"; };
		B5425A2C2C22099000B9FA30 /* FeatureCard.swift */ = {isa = PBXFileReference; lastKnownFileType = sourcecode.swift; path = FeatureCard.swift; sourceTree = "<group>"; };
		B5425A2E2C220F9800B9FA30 /* PageView.swift */ = {isa = PBXFileReference; lastKnownFileType = sourcecode.swift; path = PageView.swift; sourceTree = "<group>"; };
		B5425A302C2236B500B9FA30 /* PageControl.swift */ = {isa = PBXFileReference; lastKnownFileType = sourcecode.swift; path = PageControl.swift; sourceTree = "<group>"; };
		B5425AA42C2329CC00B9FA30 /* MacLandmarks.app */ = {isa = PBXFileReference; explicitFileType = wrapper.application; includeInIndex = 0; path = MacLandmarks.app; sourceTree = BUILT_PRODUCTS_DIR; };
		B5425AA82C2329CC00B9FA30 /* ContentView.swift */ = {isa = PBXFileReference; lastKnownFileType = sourcecode.swift; path = ContentView.swift; sourceTree = "<group>"; };
		B5425AAA2C2329CE00B9FA30 /* Assets.xcassets */ = {isa = PBXFileReference; lastKnownFileType = folder.assetcatalog; path = Assets.xcassets; sourceTree = "<group>"; };
		B5425AAD2C2329CE00B9FA30 /* Preview Assets.xcassets */ = {isa = PBXFileReference; lastKnownFileType = folder.assetcatalog; path = "Preview Assets.xcassets"; sourceTree = "<group>"; };
		B5425AAF2C2329CE00B9FA30 /* MacLandmarks.entitlements */ = {isa = PBXFileReference; lastKnownFileType = text.plist.entitlements; path = MacLandmarks.entitlements; sourceTree = "<group>"; };
		B5425AB42C2329CF00B9FA30 /* MacLandmarksTests.xctest */ = {isa = PBXFileReference; explicitFileType = wrapper.cfbundle; includeInIndex = 0; path = MacLandmarksTests.xctest; sourceTree = BUILT_PRODUCTS_DIR; };
		B5425AB82C2329CF00B9FA30 /* MacLandmarksTests.swift */ = {isa = PBXFileReference; lastKnownFileType = sourcecode.swift; path = MacLandmarksTests.swift; sourceTree = "<group>"; };
		B5425ABE2C2329CF00B9FA30 /* MacLandmarksUITests.xctest */ = {isa = PBXFileReference; explicitFileType = wrapper.cfbundle; includeInIndex = 0; path = MacLandmarksUITests.xctest; sourceTree = BUILT_PRODUCTS_DIR; };
		B5425AC22C2329CF00B9FA30 /* MacLandmarksUITests.swift */ = {isa = PBXFileReference; lastKnownFileType = sourcecode.swift; path = MacLandmarksUITests.swift; sourceTree = "<group>"; };
		B5425AC42C2329CF00B9FA30 /* MacLandmarksUITestsLaunchTests.swift */ = {isa = PBXFileReference; lastKnownFileType = sourcecode.swift; path = MacLandmarksUITestsLaunchTests.swift; sourceTree = "<group>"; };
		B5425ADC2C24893E00B9FA30 /* Contents.json */ = {isa = PBXFileReference; fileEncoding = 4; lastKnownFileType = text.json; path = Contents.json; sourceTree = "<group>"; };
		B5425ADD2C24893E00B9FA30 /* landmark_app_icon_16x16.png */ = {isa = PBXFileReference; lastKnownFileType = image.png; path = landmark_app_icon_16x16.png; sourceTree = "<group>"; };
		B5425ADE2C24893E00B9FA30 /* landmark_app_icon_32x32-1.png */ = {isa = PBXFileReference; lastKnownFileType = image.png; path = "landmark_app_icon_32x32-1.png"; sourceTree = "<group>"; };
		B5425ADF2C24893E00B9FA30 /* landmark_app_icon_32x32.png */ = {isa = PBXFileReference; lastKnownFileType = image.png; path = landmark_app_icon_32x32.png; sourceTree = "<group>"; };
		B5425AE02C24893E00B9FA30 /* landmark_app_icon_64x64.png */ = {isa = PBXFileReference; lastKnownFileType = image.png; path = landmark_app_icon_64x64.png; sourceTree = "<group>"; };
		B5425AE12C24893E00B9FA30 /* landmark_app_icon_128x128.png */ = {isa = PBXFileReference; lastKnownFileType = image.png; path = landmark_app_icon_128x128.png; sourceTree = "<group>"; };
		B5425AE22C24893E00B9FA30 /* landmark_app_icon_256x256-1.png */ = {isa = PBXFileReference; lastKnownFileType = image.png; path = "landmark_app_icon_256x256-1.png"; sourceTree = "<group>"; };
		B5425AE32C24893E00B9FA30 /* landmark_app_icon_256x256.png */ = {isa = PBXFileReference; lastKnownFileType = image.png; path = landmark_app_icon_256x256.png; sourceTree = "<group>"; };
		B5425AE42C24893E00B9FA30 /* landmark_app_icon_512x512-1.png */ = {isa = PBXFileReference; lastKnownFileType = image.png; path = "landmark_app_icon_512x512-1.png"; sourceTree = "<group>"; };
		B5425AE52C24893E00B9FA30 /* landmark_app_icon_512x512.png */ = {isa = PBXFileReference; lastKnownFileType = image.png; path = landmark_app_icon_512x512.png; sourceTree = "<group>"; };
		B5425AE62C24893E00B9FA30 /* landmark_app_icon_1024x1024-2.png */ = {isa = PBXFileReference; lastKnownFileType = image.png; path = "landmark_app_icon_1024x1024-2.png"; sourceTree = "<group>"; };
		B5425AF32C248A7400B9FA30 /* Landmarkdetail.swift */ = {isa = PBXFileReference; lastKnownFileType = sourcecode.swift; path = Landmarkdetail.swift; sourceTree = SOURCE_ROOT; };
		B56243292C1CE327001257E1 /* Landmarks.app */ = {isa = PBXFileReference; explicitFileType = wrapper.application; includeInIndex = 0; path = Landmarks.app; sourceTree = BUILT_PRODUCTS_DIR; };
		B562432C2C1CE327001257E1 /* LandmarksApp.swift */ = {isa = PBXFileReference; lastKnownFileType = sourcecode.swift; path = LandmarksApp.swift; sourceTree = "<group>"; };
		B562432E2C1CE327001257E1 /* ContentView.swift */ = {isa = PBXFileReference; lastKnownFileType = sourcecode.swift; path = ContentView.swift; sourceTree = "<group>"; };
		B56243302C1CE32A001257E1 /* Assets.xcassets */ = {isa = PBXFileReference; lastKnownFileType = folder.assetcatalog; path = Assets.xcassets; sourceTree = "<group>"; };
		B56243332C1CE32A001257E1 /* Preview Assets.xcassets */ = {isa = PBXFileReference; lastKnownFileType = folder.assetcatalog; path = "Preview Assets.xcassets"; sourceTree = "<group>"; };
		B56243392C1CE32A001257E1 /* LandmarksTests.xctest */ = {isa = PBXFileReference; explicitFileType = wrapper.cfbundle; includeInIndex = 0; path = LandmarksTests.xctest; sourceTree = BUILT_PRODUCTS_DIR; };
		B562433D2C1CE32A001257E1 /* LandmarksTests.swift */ = {isa = PBXFileReference; lastKnownFileType = sourcecode.swift; path = LandmarksTests.swift; sourceTree = "<group>"; };
		B56243432C1CE32A001257E1 /* LandmarksUITests.xctest */ = {isa = PBXFileReference; explicitFileType = wrapper.cfbundle; includeInIndex = 0; path = LandmarksUITests.xctest; sourceTree = BUILT_PRODUCTS_DIR; };
		B56243472C1CE32A001257E1 /* LandmarksUITests.swift */ = {isa = PBXFileReference; lastKnownFileType = sourcecode.swift; path = LandmarksUITests.swift; sourceTree = "<group>"; };
		B56243492C1CE32A001257E1 /* LandmarksUITestsLaunchTests.swift */ = {isa = PBXFileReference; lastKnownFileType = sourcecode.swift; path = LandmarksUITestsLaunchTests.swift; sourceTree = "<group>"; };
/* End PBXFileReference section */

/* Begin PBXFrameworksBuildPhase section */
		B5425AA12C2329CC00B9FA30 /* Frameworks */ = {
			isa = PBXFrameworksBuildPhase;
			buildActionMask = 2147483647;
			files = (
			);
			runOnlyForDeploymentPostprocessing = 0;
		};
		B5425AB12C2329CF00B9FA30 /* Frameworks */ = {
			isa = PBXFrameworksBuildPhase;
			buildActionMask = 2147483647;
			files = (
			);
			runOnlyForDeploymentPostprocessing = 0;
		};
		B5425ABB2C2329CF00B9FA30 /* Frameworks */ = {
			isa = PBXFrameworksBuildPhase;
			buildActionMask = 2147483647;
			files = (
			);
			runOnlyForDeploymentPostprocessing = 0;
		};
		B56243262C1CE327001257E1 /* Frameworks */ = {
			isa = PBXFrameworksBuildPhase;
			buildActionMask = 2147483647;
			files = (
			);
			runOnlyForDeploymentPostprocessing = 0;
		};
		B56243362C1CE32A001257E1 /* Frameworks */ = {
			isa = PBXFrameworksBuildPhase;
			buildActionMask = 2147483647;
			files = (
			);
			runOnlyForDeploymentPostprocessing = 0;
		};
		B56243402C1CE32A001257E1 /* Frameworks */ = {
			isa = PBXFrameworksBuildPhase;
			buildActionMask = 2147483647;
			files = (
			);
			runOnlyForDeploymentPostprocessing = 0;
		};
/* End PBXFrameworksBuildPhase section */

/* Begin PBXGroup section */
		B54259F42C2090E900B9FA30 /* Views */ = {
			isa = PBXGroup;
			children = (
				B5425A2B2C2206F000B9FA30 /* PageView */,
				B5425A142C20CB9900B9FA30 /* Hikes */,
				B562432E2C1CE327001257E1 /* ContentView.swift */,
				B5425A0B2C20C85F00B9FA30 /* Badges */,
				B54259FF2C20AE7A00B9FA30 /* Landmarks */,
				B5425A002C20AE8300B9FA30 /* Helper */,
			);
			path = Views;
			sourceTree = "<group>";
		};
		B54259F52C2090FC00B9FA30 /* Model */ = {
			isa = PBXGroup;
			children = (
				B54259EE2C208C9300B9FA30 /* Landmark.swift */,
				B5425A2C2C22099000B9FA30 /* FeatureCard.swift */,
				B54259F22C208FAF00B9FA30 /* ModelData.swift */,
			);
			path = Model;
			sourceTree = "<group>";
		};
		B54259F62C20911800B9FA30 /* Resources */ = {
			isa = PBXGroup;
			children = (
				B5425A0C2C20CA2600B9FA30 /* hikeData.json */,
				B54259EC2C208C5C00B9FA30 /* landmarkData.json */,
			);
			path = Resources;
			sourceTree = "<group>";
		};
		B54259FF2C20AE7A00B9FA30 /* Landmarks */ = {
			isa = PBXGroup;
			children = (
				B54259F72C20917600B9FA30 /* LandmarkRow.swift */,
				B54259F92C20937D00B9FA30 /* LandmarkList.swift */,
				B54259FB2C20980100B9FA30 /* LandmarkDetail.swift */,
			);
			path = Landmarks;
			sourceTree = "<group>";
		};
		B5425A002C20AE8300B9FA30 /* Helper */ = {
			isa = PBXGroup;
			children = (
				B54259E82C20867600B9FA30 /* CircleImage.swift */,
				B54259EA2C2087CF00B9FA30 /* MapView.swift */,
				B54259FD2C20AD8C00B9FA30 /* FavoriteButton.swift */,
			);
			path = Helper;
			sourceTree = "<group>";
		};
		B5425A0B2C20C85F00B9FA30 /* Badges */ = {
			isa = PBXGroup;
			children = (
				B5425A052C20C1BB00B9FA30 /* BadgeSymbol.swift */,
				B5425A072C20C4A300B9FA30 /* RotatedBadgeSymbol.swift */,
				B5425A092C20C53500B9FA30 /* Badge.swift */,
				B5425A032C20B62400B9FA30 /* BadgeBackground.swift */,
				B5425A012C20B32800B9FA30 /* HexagonParameters.swift */,
			);
			path = Badges;
			sourceTree = "<group>";
		};
		B5425A142C20CB9900B9FA30 /* Hikes */ = {
			isa = PBXGroup;
			children = (
				B5425A102C20CB9900B9FA30 /* GraphCapsule.swift */,
				B5425A112C20CB9900B9FA30 /* HikeDetail.swift */,
				B5425A122C20CB9900B9FA30 /* HikeGraph.swift */,
				B5425A132C20CB9900B9FA30 /* HikeView.swift */,
			);
			path = Hikes;
			sourceTree = "<group>";
		};
		B5425A2B2C2206F000B9FA30 /* PageView */ = {
			isa = PBXGroup;
			children = (
				B5425A2E2C220F9800B9FA30 /* PageView.swift */,
				B5425A302C2236B500B9FA30 /* PageControl.swift */,
				B5425A292C2206E600B9FA30 /* PageViewController.swift */,
			);
			path = PageView;
			sourceTree = "<group>";
		};
		B5425AA52C2329CC00B9FA30 /* MacLandmarks */ = {
			isa = PBXGroup;
			children = (
				B5425AF32C248A7400B9FA30 /* Landmarkdetail.swift */,
				B5425AE72C24893E00B9FA30 /* AppIcon.appiconset */,
				B5425AA82C2329CC00B9FA30 /* ContentView.swift */,
				B5425AAA2C2329CE00B9FA30 /* Assets.xcassets */,
				B5425AAF2C2329CE00B9FA30 /* MacLandmarks.entitlements */,
				B5425AAC2C2329CE00B9FA30 /* Preview Content */,
			);
			path = MacLandmarks;
			sourceTree = "<group>";
		};
		B5425AAC2C2329CE00B9FA30 /* Preview Content */ = {
			isa = PBXGroup;
			children = (
				B5425AAD2C2329CE00B9FA30 /* Preview Assets.xcassets */,
			);
			path = "Preview Content";
			sourceTree = "<group>";
		};
		B5425AB72C2329CF00B9FA30 /* MacLandmarksTests */ = {
			isa = PBXGroup;
			children = (
				B5425AB82C2329CF00B9FA30 /* MacLandmarksTests.swift */,
			);
			path = MacLandmarksTests;
			sourceTree = "<group>";
		};
		B5425AC12C2329CF00B9FA30 /* MacLandmarksUITests */ = {
			isa = PBXGroup;
			children = (
				B5425AC22C2329CF00B9FA30 /* MacLandmarksUITests.swift */,
				B5425AC42C2329CF00B9FA30 /* MacLandmarksUITestsLaunchTests.swift */,
			);
			path = MacLandmarksUITests;
			sourceTree = "<group>";
		};
		B5425AE72C24893E00B9FA30 /* AppIcon.appiconset */ = {
			isa = PBXGroup;
			children = (
				B5425ADC2C24893E00B9FA30 /* Contents.json */,
				B5425ADD2C24893E00B9FA30 /* landmark_app_icon_16x16.png */,
				B5425ADE2C24893E00B9FA30 /* landmark_app_icon_32x32-1.png */,
				B5425ADF2C24893E00B9FA30 /* landmark_app_icon_32x32.png */,
				B5425AE02C24893E00B9FA30 /* landmark_app_icon_64x64.png */,
				B5425AE12C24893E00B9FA30 /* landmark_app_icon_128x128.png */,
				B5425AE22C24893E00B9FA30 /* landmark_app_icon_256x256-1.png */,
				B5425AE32C24893E00B9FA30 /* landmark_app_icon_256x256.png */,
				B5425AE42C24893E00B9FA30 /* landmark_app_icon_512x512-1.png */,
				B5425AE52C24893E00B9FA30 /* landmark_app_icon_512x512.png */,
				B5425AE62C24893E00B9FA30 /* landmark_app_icon_1024x1024-2.png */,
			);
			path = AppIcon.appiconset;
			sourceTree = "<group>";
		};
		B56243202C1CE327001257E1 = {
			isa = PBXGroup;
			children = (
				B5425A232C21F62800B9FA30 /* ProfileSummary.swift */,
				B5425A1F2C21F30B00B9FA30 /* profile.swift */,
				B5425A212C21F44200B9FA30 /* ProfileHost.swift */,
				B5425A272C22008300B9FA30 /* ProfileEditor.swift */,
				B5425A252C21F76400B9FA30 /* HikeBadge.swift */,
				B5425A1B2C21E42100B9FA30 /* CategoryRow.swift */,
				B5425A1D2C21E75D00B9FA30 /* CategoryItem.swift */,
				B5425A192C20D56800B9FA30 /* CategoryHome.swift */,
				B5425A0E2C20CA4300B9FA30 /* Hike.swift */,
				B562432B2C1CE327001257E1 /* Landmarks */,
				B562433C2C1CE32A001257E1 /* LandmarksTests */,
				B56243462C1CE32A001257E1 /* LandmarksUITests */,
				B5425AA52C2329CC00B9FA30 /* MacLandmarks */,
				B5425AB72C2329CF00B9FA30 /* MacLandmarksTests */,
				B5425AC12C2329CF00B9FA30 /* MacLandmarksUITests */,
				B562432A2C1CE327001257E1 /* Products */,
			);
			sourceTree = "<group>";
		};
		B562432A2C1CE327001257E1 /* Products */ = {
			isa = PBXGroup;
			children = (
				B56243292C1CE327001257E1 /* Landmarks.app */,
				B56243392C1CE32A001257E1 /* LandmarksTests.xctest */,
				B56243432C1CE32A001257E1 /* LandmarksUITests.xctest */,
				B5425AA42C2329CC00B9FA30 /* MacLandmarks.app */,
				B5425AB42C2329CF00B9FA30 /* MacLandmarksTests.xctest */,
				B5425ABE2C2329CF00B9FA30 /* MacLandmarksUITests.xctest */,
			);
			name = Products;
			sourceTree = "<group>";
		};
		B562432B2C1CE327001257E1 /* Landmarks */ = {
			isa = PBXGroup;
			children = (
				B562432C2C1CE327001257E1 /* LandmarksApp.swift */,
				B54259F52C2090FC00B9FA30 /* Model */,
				B56243302C1CE32A001257E1 /* Assets.xcassets */,
				B54259F62C20911800B9FA30 /* Resources */,
				B54259F42C2090E900B9FA30 /* Views */,
				B56243322C1CE32A001257E1 /* Preview Content */,
			);
			path = Landmarks;
			sourceTree = "<group>";
		};
		B56243322C1CE32A001257E1 /* Preview Content */ = {
			isa = PBXGroup;
			children = (
				B56243332C1CE32A001257E1 /* Preview Assets.xcassets */,
			);
			path = "Preview Content";
			sourceTree = "<group>";
		};
		B562433C2C1CE32A001257E1 /* LandmarksTests */ = {
			isa = PBXGroup;
			children = (
				B562433D2C1CE32A001257E1 /* LandmarksTests.swift */,
			);
			path = LandmarksTests;
			sourceTree = "<group>";
		};
		B56243462C1CE32A001257E1 /* LandmarksUITests */ = {
			isa = PBXGroup;
			children = (
				B56243472C1CE32A001257E1 /* LandmarksUITests.swift */,
				B56243492C1CE32A001257E1 /* LandmarksUITestsLaunchTests.swift */,
			);
			path = LandmarksUITests;
			sourceTree = "<group>";
		};
/* End PBXGroup section */

/* Begin PBXNativeTarget section */
		B5425AA32C2329CC00B9FA30 /* MacLandmarks */ = {
			isa = PBXNativeTarget;
			buildConfigurationList = B5425ACC2C2329CF00B9FA30 /* Build configuration list for PBXNativeTarget "MacLandmarks" */;
			buildPhases = (
				B5425AA02C2329CC00B9FA30 /* Sources */,
				B5425AA12C2329CC00B9FA30 /* Frameworks */,
				B5425AA22C2329CC00B9FA30 /* Resources */,
			);
			buildRules = (
			);
			dependencies = (
			);
			name = MacLandmarks;
			productName = MacLandmarks;
			productReference = B5425AA42C2329CC00B9FA30 /* MacLandmarks.app */;
			productType = "com.apple.product-type.application";
		};
		B5425AB32C2329CF00B9FA30 /* MacLandmarksTests */ = {
			isa = PBXNativeTarget;
			buildConfigurationList = B5425ACD2C2329CF00B9FA30 /* Build configuration list for PBXNativeTarget "MacLandmarksTests" */;
			buildPhases = (
				B5425AB02C2329CF00B9FA30 /* Sources */,
				B5425AB12C2329CF00B9FA30 /* Frameworks */,
				B5425AB22C2329CF00B9FA30 /* Resources */,
			);
			buildRules = (
			);
			dependencies = (
				B5425AB62C2329CF00B9FA30 /* PBXTargetDependency */,
			);
			name = MacLandmarksTests;
			productName = MacLandmarksTests;
			productReference = B5425AB42C2329CF00B9FA30 /* MacLandmarksTests.xctest */;
			productType = "com.apple.product-type.bundle.unit-test";
		};
		B5425ABD2C2329CF00B9FA30 /* MacLandmarksUITests */ = {
			isa = PBXNativeTarget;
			buildConfigurationList = B5425ACE2C2329CF00B9FA30 /* Build configuration list for PBXNativeTarget "MacLandmarksUITests" */;
			buildPhases = (
				B5425ABA2C2329CF00B9FA30 /* Sources */,
				B5425ABB2C2329CF00B9FA30 /* Frameworks */,
				B5425ABC2C2329CF00B9FA30 /* Resources */,
			);
			buildRules = (
			);
			dependencies = (
				B5425AC02C2329CF00B9FA30 /* PBXTargetDependency */,
			);
			name = MacLandmarksUITests;
			productName = MacLandmarksUITests;
			productReference = B5425ABE2C2329CF00B9FA30 /* MacLandmarksUITests.xctest */;
			productType = "com.apple.product-type.bundle.ui-testing";
		};
		B56243282C1CE327001257E1 /* Landmarks */ = {
			isa = PBXNativeTarget;
			buildConfigurationList = B562434D2C1CE32A001257E1 /* Build configuration list for PBXNativeTarget "Landmarks" */;
			buildPhases = (
				B56243252C1CE327001257E1 /* Sources */,
				B56243262C1CE327001257E1 /* Frameworks */,
				B56243272C1CE327001257E1 /* Resources */,
			);
			buildRules = (
			);
			dependencies = (
			);
			name = Landmarks;
			productName = Landmarks;
			productReference = B56243292C1CE327001257E1 /* Landmarks.app */;
			productType = "com.apple.product-type.application";
		};
		B56243382C1CE32A001257E1 /* LandmarksTests */ = {
			isa = PBXNativeTarget;
			buildConfigurationList = B56243502C1CE32A001257E1 /* Build configuration list for PBXNativeTarget "LandmarksTests" */;
			buildPhases = (
				B56243352C1CE32A001257E1 /* Sources */,
				B56243362C1CE32A001257E1 /* Frameworks */,
				B56243372C1CE32A001257E1 /* Resources */,
			);
			buildRules = (
			);
			dependencies = (
				B562433B2C1CE32A001257E1 /* PBXTargetDependency */,
			);
			name = LandmarksTests;
			productName = LandmarksTests;
			productReference = B56243392C1CE32A001257E1 /* LandmarksTests.xctest */;
			productType = "com.apple.product-type.bundle.unit-test";
		};
		B56243422C1CE32A001257E1 /* LandmarksUITests */ = {
			isa = PBXNativeTarget;
			buildConfigurationList = B56243532C1CE32A001257E1 /* Build configuration list for PBXNativeTarget "LandmarksUITests" */;
			buildPhases = (
				B562433F2C1CE32A001257E1 /* Sources */,
				B56243402C1CE32A001257E1 /* Frameworks */,
				B56243412C1CE32A001257E1 /* Resources */,
			);
			buildRules = (
			);
			dependencies = (
				B56243452C1CE32A001257E1 /* PBXTargetDependency */,
			);
			name = LandmarksUITests;
			productName = LandmarksUITests;
			productReference = B56243432C1CE32A001257E1 /* LandmarksUITests.xctest */;
			productType = "com.apple.product-type.bundle.ui-testing";
		};
/* End PBXNativeTarget section */

/* Begin PBXProject section */
		B56243212C1CE327001257E1 /* Project object */ = {
			isa = PBXProject;
			attributes = {
				BuildIndependentTargetsInParallel = 1;
				LastSwiftUpdateCheck = 1540;
				LastUpgradeCheck = 1540;
				TargetAttributes = {
					B5425AA32C2329CC00B9FA30 = {
						CreatedOnToolsVersion = 15.4;
					};
					B5425AB32C2329CF00B9FA30 = {
						CreatedOnToolsVersion = 15.4;
						TestTargetID = B5425AA32C2329CC00B9FA30;
					};
					B5425ABD2C2329CF00B9FA30 = {
						CreatedOnToolsVersion = 15.4;
						TestTargetID = B5425AA32C2329CC00B9FA30;
					};
					B56243282C1CE327001257E1 = {
						CreatedOnToolsVersion = 15.4;
					};
					B56243382C1CE32A001257E1 = {
						CreatedOnToolsVersion = 15.4;
						TestTargetID = B56243282C1CE327001257E1;
					};
					B56243422C1CE32A001257E1 = {
						CreatedOnToolsVersion = 15.4;
						TestTargetID = B56243282C1CE327001257E1;
					};
				};
			};
			buildConfigurationList = B56243242C1CE327001257E1 /* Build configuration list for PBXProject "Landmarks" */;
			compatibilityVersion = "Xcode 14.0";
			developmentRegion = en;
			hasScannedForEncodings = 0;
			knownRegions = (
				en,
				Base,
			);
			mainGroup = B56243202C1CE327001257E1;
			productRefGroup = B562432A2C1CE327001257E1 /* Products */;
			projectDirPath = "";
			projectRoot = "";
			targets = (
				B56243282C1CE327001257E1 /* Landmarks */,
				B56243382C1CE32A001257E1 /* LandmarksTests */,
				B56243422C1CE32A001257E1 /* LandmarksUITests */,
				B5425AA32C2329CC00B9FA30 /* MacLandmarks */,
				B5425AB32C2329CF00B9FA30 /* MacLandmarksTests */,
				B5425ABD2C2329CF00B9FA30 /* MacLandmarksUITests */,
			);
		};
/* End PBXProject section */

/* Begin PBXResourcesBuildPhase section */
		B5425AA22C2329CC00B9FA30 /* Resources */ = {
			isa = PBXResourcesBuildPhase;
			buildActionMask = 2147483647;
			files = (
				B5425AD92C232C6300B9FA30 /* Assets.xcassets in Resources */,
				B5425AEA2C24893F00B9FA30 /* landmark_app_icon_32x32-1.png in Resources */,
				B5425AE92C24893F00B9FA30 /* landmark_app_icon_16x16.png in Resources */,
				B5425AEF2C24893F00B9FA30 /* landmark_app_icon_256x256.png in Resources */,
				B5425ADA2C232C6300B9FA30 /* landmarkData.json in Resources */,
				B5425ADB2C232C6300B9FA30 /* hikeData.json in Resources */,
				B5425AF12C24893F00B9FA30 /* landmark_app_icon_512x512.png in Resources */,
				B5425AEB2C24893F00B9FA30 /* landmark_app_icon_32x32.png in Resources */,
				B5425AED2C24893F00B9FA30 /* landmark_app_icon_128x128.png in Resources */,
				B5425AAE2C2329CE00B9FA30 /* Preview Assets.xcassets in Resources */,
				B5425AF02C24893F00B9FA30 /* landmark_app_icon_512x512-1.png in Resources */,
				B5425AEC2C24893F00B9FA30 /* landmark_app_icon_64x64.png in Resources */,
				B5425AAB2C2329CE00B9FA30 /* Assets.xcassets in Resources */,
				B5425AE82C24893F00B9FA30 /* Contents.json in Resources */,
				B5425AF22C24893F00B9FA30 /* landmark_app_icon_1024x1024-2.png in Resources */,
				B5425AEE2C24893F00B9FA30 /* landmark_app_icon_256x256-1.png in Resources */,
			);
			runOnlyForDeploymentPostprocessing = 0;
		};
		B5425AB22C2329CF00B9FA30 /* Resources */ = {
			isa = PBXResourcesBuildPhase;
			buildActionMask = 2147483647;
			files = (
			);
			runOnlyForDeploymentPostprocessing = 0;
		};
		B5425ABC2C2329CF00B9FA30 /* Resources */ = {
			isa = PBXResourcesBuildPhase;
			buildActionMask = 2147483647;
			files = (
			);
			runOnlyForDeploymentPostprocessing = 0;
		};
		B56243272C1CE327001257E1 /* Resources */ = {
			isa = PBXResourcesBuildPhase;
			buildActionMask = 2147483647;
			files = (
				B5425A0D2C20CA2600B9FA30 /* hikeData.json in Resources */,
				B56243342C1CE32A001257E1 /* Preview Assets.xcassets in Resources */,
				B56243312C1CE32A001257E1 /* Assets.xcassets in Resources */,
				B54259ED2C208C5C00B9FA30 /* landmarkData.json in Resources */,
			);
			runOnlyForDeploymentPostprocessing = 0;
		};
		B56243372C1CE32A001257E1 /* Resources */ = {
			isa = PBXResourcesBuildPhase;
			buildActionMask = 2147483647;
			files = (
			);
			runOnlyForDeploymentPostprocessing = 0;
		};
		B56243412C1CE32A001257E1 /* Resources */ = {
			isa = PBXResourcesBuildPhase;
			buildActionMask = 2147483647;
			files = (
			);
			runOnlyForDeploymentPostprocessing = 0;
		};
/* End PBXResourcesBuildPhase section */

/* Begin PBXSourcesBuildPhase section */
		B5425AA02C2329CC00B9FA30 /* Sources */ = {
			isa = PBXSourcesBuildPhase;
			buildActionMask = 2147483647;
			files = (
				B5425ACF2C232C6300B9FA30 /* Hike.swift in Sources */,
				B5425AD02C232C6300B9FA30 /* LandmarkRow.swift in Sources */,
				B5425AD12C232C6300B9FA30 /* Landmark.swift in Sources */,
				B5425AD22C232C6300B9FA30 /* LandmarksApp.swift in Sources */,
				B5425AF42C248A7400B9FA30 /* Landmarkdetail.swift in Sources */,
				B5425AD32C232C6300B9FA30 /* ModelData.swift in Sources */,
				B5425AD42C232C6300B9FA30 /* LandmarkList.swift in Sources */,
				B5425AD52C232C6300B9FA30 /* CircleImage.swift in Sources */,
				B5425AD62C232C6300B9FA30 /* MapView.swift in Sources */,
				B5425AD72C232C6300B9FA30 /* profile.swift in Sources */,
				B5425AD82C232C6300B9FA30 /* FavoriteButton.swift in Sources */,
				B5425AA92C2329CC00B9FA30 /* ContentView.swift in Sources */,
			);
			runOnlyForDeploymentPostprocessing = 0;
		};
		B5425AB02C2329CF00B9FA30 /* Sources */ = {
			isa = PBXSourcesBuildPhase;
			buildActionMask = 2147483647;
			files = (
				B5425AB92C2329CF00B9FA30 /* MacLandmarksTests.swift in Sources */,
			);
			runOnlyForDeploymentPostprocessing = 0;
		};
		B5425ABA2C2329CF00B9FA30 /* Sources */ = {
			isa = PBXSourcesBuildPhase;
			buildActionMask = 2147483647;
			files = (
				B5425AC52C2329CF00B9FA30 /* MacLandmarksUITestsLaunchTests.swift in Sources */,
				B5425AC32C2329CF00B9FA30 /* MacLandmarksUITests.swift in Sources */,
			);
			runOnlyForDeploymentPostprocessing = 0;
		};
		B56243252C1CE327001257E1 /* Sources */ = {
			isa = PBXSourcesBuildPhase;
			buildActionMask = 2147483647;
			files = (
				B5425A1C2C21E42100B9FA30 /* CategoryRow.swift in Sources */,
				B562432F2C1CE327001257E1 /* ContentView.swift in Sources */,
				B5425A1A2C20D56800B9FA30 /* CategoryHome.swift in Sources */,
				B5425A0A2C20C53500B9FA30 /* Badge.swift in Sources */,
				B5425A2D2C22099000B9FA30 /* FeatureCard.swift in Sources */,
				B54259EB2C2087CF00B9FA30 /* MapView.swift in Sources */,
				B5425A152C20CB9900B9FA30 /* GraphCapsule.swift in Sources */,
				B5425A172C20CB9900B9FA30 /* HikeGraph.swift in Sources */,
				B562432D2C1CE327001257E1 /* LandmarksApp.swift in Sources */,
				B54259FE2C20AD8C00B9FA30 /* FavoriteButton.swift in Sources */,
				B5425A312C2236B500B9FA30 /* PageControl.swift in Sources */,
				B5425A202C21F30B00B9FA30 /* profile.swift in Sources */,
				B5425A1E2C21E75D00B9FA30 /* CategoryItem.swift in Sources */,
				B5425A022C20B32800B9FA30 /* HexagonParameters.swift in Sources */,
				B5425A242C21F62800B9FA30 /* ProfileSummary.swift in Sources */,
				B5425A0F2C20CA4300B9FA30 /* Hike.swift in Sources */,
				B5425A222C21F44200B9FA30 /* ProfileHost.swift in Sources */,
				B5425A082C20C4A300B9FA30 /* RotatedBadgeSymbol.swift in Sources */,
				B5425A062C20C1BB00B9FA30 /* BadgeSymbol.swift in Sources */,
				B5425A2F2C220F9800B9FA30 /* PageView.swift in Sources */,
				B54259FA2C20937D00B9FA30 /* LandmarkList.swift in Sources */,
				B5425A282C22008300B9FA30 /* ProfileEditor.swift in Sources */,
				B5425A162C20CB9900B9FA30 /* HikeDetail.swift in Sources */,
				B5425A182C20CB9900B9FA30 /* HikeView.swift in Sources */,
				B54259FC2C20980100B9FA30 /* LandmarkDetail.swift in Sources */,
				B5425A2A2C2206E600B9FA30 /* PageViewController.swift in Sources */,
				B5425A042C20B62400B9FA30 /* BadgeBackground.swift in Sources */,
				B5425A262C21F76400B9FA30 /* HikeBadge.swift in Sources */,
				B54259E92C20867600B9FA30 /* CircleImage.swift in Sources */,
				B54259EF2C208C9300B9FA30 /* Landmark.swift in Sources */,
				B54259F82C20917600B9FA30 /* LandmarkRow.swift in Sources */,
				B54259F32C208FAF00B9FA30 /* ModelData.swift in Sources */,
			);
			runOnlyForDeploymentPostprocessing = 0;
		};
		B56243352C1CE32A001257E1 /* Sources */ = {
			isa = PBXSourcesBuildPhase;
			buildActionMask = 2147483647;
			files = (
				B562433E2C1CE32A001257E1 /* LandmarksTests.swift in Sources */,
			);
			runOnlyForDeploymentPostprocessing = 0;
		};
		B562433F2C1CE32A001257E1 /* Sources */ = {
			isa = PBXSourcesBuildPhase;
			buildActionMask = 2147483647;
			files = (
				B562434A2C1CE32A001257E1 /* LandmarksUITestsLaunchTests.swift in Sources */,
				B56243482C1CE32A001257E1 /* LandmarksUITests.swift in Sources */,
			);
			runOnlyForDeploymentPostprocessing = 0;
		};
/* End PBXSourcesBuildPhase section */

/* Begin PBXTargetDependency section */
		B5425AB62C2329CF00B9FA30 /* PBXTargetDependency */ = {
			isa = PBXTargetDependency;
			target = B5425AA32C2329CC00B9FA30 /* MacLandmarks */;
			targetProxy = B5425AB52C2329CF00B9FA30 /* PBXContainerItemProxy */;
		};
		B5425AC02C2329CF00B9FA30 /* PBXTargetDependency */ = {
			isa = PBXTargetDependency;
			target = B5425AA32C2329CC00B9FA30 /* MacLandmarks */;
			targetProxy = B5425ABF2C2329CF00B9FA30 /* PBXContainerItemProxy */;
		};
		B562433B2C1CE32A001257E1 /* PBXTargetDependency */ = {
			isa = PBXTargetDependency;
			target = B56243282C1CE327001257E1 /* Landmarks */;
			targetProxy = B562433A2C1CE32A001257E1 /* PBXContainerItemProxy */;
		};
		B56243452C1CE32A001257E1 /* PBXTargetDependency */ = {
			isa = PBXTargetDependency;
			target = B56243282C1CE327001257E1 /* Landmarks */;
			targetProxy = B56243442C1CE32A001257E1 /* PBXContainerItemProxy */;
		};
/* End PBXTargetDependency section */

/* Begin XCBuildConfiguration section */
		B5425AC62C2329CF00B9FA30 /* Debug */ = {
			isa = XCBuildConfiguration;
			buildSettings = {
				ASSETCATALOG_COMPILER_APPICON_NAME = AppIcon;
				ASSETCATALOG_COMPILER_GLOBAL_ACCENT_COLOR_NAME = AccentColor;
				CODE_SIGN_ENTITLEMENTS = MacLandmarks/MacLandmarks.entitlements;
				CODE_SIGN_STYLE = Automatic;
				COMBINE_HIDPI_IMAGES = YES;
				CURRENT_PROJECT_VERSION = 1;
				DEVELOPMENT_ASSET_PATHS = "\"MacLandmarks/Preview Content\"";
				ENABLE_PREVIEWS = YES;
				GENERATE_INFOPLIST_FILE = YES;
				INFOPLIST_KEY_NSHumanReadableCopyright = "";
				LD_RUNPATH_SEARCH_PATHS = (
					"$(inherited)",
					"@executable_path/../Frameworks",
				);
				MACOSX_DEPLOYMENT_TARGET = 14.5;
				MARKETING_VERSION = 1.0;
				PRODUCT_BUNDLE_IDENTIFIER = com.benaxline.MacLandmarks;
				PRODUCT_NAME = "$(TARGET_NAME)";
				SDKROOT = macosx;
				SWIFT_EMIT_LOC_STRINGS = YES;
				SWIFT_VERSION = 5.0;
			};
			name = Debug;
		};
		B5425AC72C2329CF00B9FA30 /* Release */ = {
			isa = XCBuildConfiguration;
			buildSettings = {
				ASSETCATALOG_COMPILER_APPICON_NAME = AppIcon;
				ASSETCATALOG_COMPILER_GLOBAL_ACCENT_COLOR_NAME = AccentColor;
				CODE_SIGN_ENTITLEMENTS = MacLandmarks/MacLandmarks.entitlements;
				CODE_SIGN_STYLE = Automatic;
				COMBINE_HIDPI_IMAGES = YES;
				CURRENT_PROJECT_VERSION = 1;
				DEVELOPMENT_ASSET_PATHS = "\"MacLandmarks/Preview Content\"";
				ENABLE_PREVIEWS = YES;
				GENERATE_INFOPLIST_FILE = YES;
				INFOPLIST_KEY_NSHumanReadableCopyright = "";
				LD_RUNPATH_SEARCH_PATHS = (
					"$(inherited)",
					"@executable_path/../Frameworks",
				);
				MACOSX_DEPLOYMENT_TARGET = 14.5;
				MARKETING_VERSION = 1.0;
				PRODUCT_BUNDLE_IDENTIFIER = com.benaxline.MacLandmarks;
				PRODUCT_NAME = "$(TARGET_NAME)";
				SDKROOT = macosx;
				SWIFT_EMIT_LOC_STRINGS = YES;
				SWIFT_VERSION = 5.0;
			};
			name = Release;
		};
		B5425AC82C2329CF00B9FA30 /* Debug */ = {
			isa = XCBuildConfiguration;
			buildSettings = {
				ALWAYS_EMBED_SWIFT_STANDARD_LIBRARIES = YES;
				BUNDLE_LOADER = "$(TEST_HOST)";
				CODE_SIGN_STYLE = Automatic;
				CURRENT_PROJECT_VERSION = 1;
				GENERATE_INFOPLIST_FILE = YES;
				MACOSX_DEPLOYMENT_TARGET = 14.5;
				MARKETING_VERSION = 1.0;
				PRODUCT_BUNDLE_IDENTIFIER = com.benaxline.MacLandmarksTests;
				PRODUCT_NAME = "$(TARGET_NAME)";
				SDKROOT = macosx;
				SWIFT_EMIT_LOC_STRINGS = NO;
				SWIFT_VERSION = 5.0;
				TEST_HOST = "$(BUILT_PRODUCTS_DIR)/MacLandmarks.app/$(BUNDLE_EXECUTABLE_FOLDER_PATH)/MacLandmarks";
			};
			name = Debug;
		};
		B5425AC92C2329CF00B9FA30 /* Release */ = {
			isa = XCBuildConfiguration;
			buildSettings = {
				ALWAYS_EMBED_SWIFT_STANDARD_LIBRARIES = YES;
				BUNDLE_LOADER = "$(TEST_HOST)";
				CODE_SIGN_STYLE = Automatic;
				CURRENT_PROJECT_VERSION = 1;
				GENERATE_INFOPLIST_FILE = YES;
				MACOSX_DEPLOYMENT_TARGET = 14.5;
				MARKETING_VERSION = 1.0;
				PRODUCT_BUNDLE_IDENTIFIER = com.benaxline.MacLandmarksTests;
				PRODUCT_NAME = "$(TARGET_NAME)";
				SDKROOT = macosx;
				SWIFT_EMIT_LOC_STRINGS = NO;
				SWIFT_VERSION = 5.0;
				TEST_HOST = "$(BUILT_PRODUCTS_DIR)/MacLandmarks.app/$(BUNDLE_EXECUTABLE_FOLDER_PATH)/MacLandmarks";
			};
			name = Release;
		};
		B5425ACA2C2329CF00B9FA30 /* Debug */ = {
			isa = XCBuildConfiguration;
			buildSettings = {
				ALWAYS_EMBED_SWIFT_STANDARD_LIBRARIES = YES;
				CODE_SIGN_STYLE = Automatic;
				CURRENT_PROJECT_VERSION = 1;
				GENERATE_INFOPLIST_FILE = YES;
				MACOSX_DEPLOYMENT_TARGET = 14.5;
				MARKETING_VERSION = 1.0;
				PRODUCT_BUNDLE_IDENTIFIER = com.benaxline.MacLandmarksUITests;
				PRODUCT_NAME = "$(TARGET_NAME)";
				SDKROOT = macosx;
				SWIFT_EMIT_LOC_STRINGS = NO;
				SWIFT_VERSION = 5.0;
				TEST_TARGET_NAME = MacLandmarks;
			};
			name = Debug;
		};
		B5425ACB2C2329CF00B9FA30 /* Release */ = {
			isa = XCBuildConfiguration;
			buildSettings = {
				ALWAYS_EMBED_SWIFT_STANDARD_LIBRARIES = YES;
				CODE_SIGN_STYLE = Automatic;
				CURRENT_PROJECT_VERSION = 1;
				GENERATE_INFOPLIST_FILE = YES;
				MACOSX_DEPLOYMENT_TARGET = 14.5;
				MARKETING_VERSION = 1.0;
				PRODUCT_BUNDLE_IDENTIFIER = com.benaxline.MacLandmarksUITests;
				PRODUCT_NAME = "$(TARGET_NAME)";
				SDKROOT = macosx;
				SWIFT_EMIT_LOC_STRINGS = NO;
				SWIFT_VERSION = 5.0;
				TEST_TARGET_NAME = MacLandmarks;
			};
			name = Release;
		};
		B562434B2C1CE32A001257E1 /* Debug */ = {
			isa = XCBuildConfiguration;
			buildSettings = {
				ALWAYS_SEARCH_USER_PATHS = NO;
				ASSETCATALOG_COMPILER_GENERATE_SWIFT_ASSET_SYMBOL_EXTENSIONS = YES;
				CLANG_ANALYZER_NONNULL = YES;
				CLANG_ANALYZER_NUMBER_OBJECT_CONVERSION = YES_AGGRESSIVE;
				CLANG_CXX_LANGUAGE_STANDARD = "gnu++20";
				CLANG_ENABLE_MODULES = YES;
				CLANG_ENABLE_OBJC_ARC = YES;
				CLANG_ENABLE_OBJC_WEAK = YES;
				CLANG_WARN_BLOCK_CAPTURE_AUTORELEASING = YES;
				CLANG_WARN_BOOL_CONVERSION = YES;
				CLANG_WARN_COMMA = YES;
				CLANG_WARN_CONSTANT_CONVERSION = YES;
				CLANG_WARN_DEPRECATED_OBJC_IMPLEMENTATIONS = YES;
				CLANG_WARN_DIRECT_OBJC_ISA_USAGE = YES_ERROR;
				CLANG_WARN_DOCUMENTATION_COMMENTS = YES;
				CLANG_WARN_EMPTY_BODY = YES;
				CLANG_WARN_ENUM_CONVERSION = YES;
				CLANG_WARN_INFINITE_RECURSION = YES;
				CLANG_WARN_INT_CONVERSION = YES;
				CLANG_WARN_NON_LITERAL_NULL_CONVERSION = YES;
				CLANG_WARN_OBJC_IMPLICIT_RETAIN_SELF = YES;
				CLANG_WARN_OBJC_LITERAL_CONVERSION = YES;
				CLANG_WARN_OBJC_ROOT_CLASS = YES_ERROR;
				CLANG_WARN_QUOTED_INCLUDE_IN_FRAMEWORK_HEADER = YES;
				CLANG_WARN_RANGE_LOOP_ANALYSIS = YES;
				CLANG_WARN_STRICT_PROTOTYPES = YES;
				CLANG_WARN_SUSPICIOUS_MOVE = YES;
				CLANG_WARN_UNGUARDED_AVAILABILITY = YES_AGGRESSIVE;
				CLANG_WARN_UNREACHABLE_CODE = YES;
				CLANG_WARN__DUPLICATE_METHOD_MATCH = YES;
				COPY_PHASE_STRIP = NO;
				DEBUG_INFORMATION_FORMAT = dwarf;
				ENABLE_STRICT_OBJC_MSGSEND = YES;
				ENABLE_TESTABILITY = YES;
				ENABLE_USER_SCRIPT_SANDBOXING = YES;
				GCC_C_LANGUAGE_STANDARD = gnu17;
				GCC_DYNAMIC_NO_PIC = NO;
				GCC_NO_COMMON_BLOCKS = YES;
				GCC_OPTIMIZATION_LEVEL = 0;
				GCC_PREPROCESSOR_DEFINITIONS = (
					"DEBUG=1",
					"$(inherited)",
				);
				GCC_WARN_64_TO_32_BIT_CONVERSION = YES;
				GCC_WARN_ABOUT_RETURN_TYPE = YES_ERROR;
				GCC_WARN_UNDECLARED_SELECTOR = YES;
				GCC_WARN_UNINITIALIZED_AUTOS = YES_AGGRESSIVE;
				GCC_WARN_UNUSED_FUNCTION = YES;
				GCC_WARN_UNUSED_VARIABLE = YES;
				IPHONEOS_DEPLOYMENT_TARGET = 17.5;
				LOCALIZATION_PREFERS_STRING_CATALOGS = YES;
				MTL_ENABLE_DEBUG_INFO = INCLUDE_SOURCE;
				MTL_FAST_MATH = YES;
				ONLY_ACTIVE_ARCH = YES;
				SDKROOT = iphoneos;
				SWIFT_ACTIVE_COMPILATION_CONDITIONS = "DEBUG $(inherited)";
				SWIFT_OPTIMIZATION_LEVEL = "-Onone";
			};
			name = Debug;
		};
		B562434C2C1CE32A001257E1 /* Release */ = {
			isa = XCBuildConfiguration;
			buildSettings = {
				ALWAYS_SEARCH_USER_PATHS = NO;
				ASSETCATALOG_COMPILER_GENERATE_SWIFT_ASSET_SYMBOL_EXTENSIONS = YES;
				CLANG_ANALYZER_NONNULL = YES;
				CLANG_ANALYZER_NUMBER_OBJECT_CONVERSION = YES_AGGRESSIVE;
				CLANG_CXX_LANGUAGE_STANDARD = "gnu++20";
				CLANG_ENABLE_MODULES = YES;
				CLANG_ENABLE_OBJC_ARC = YES;
				CLANG_ENABLE_OBJC_WEAK = YES;
				CLANG_WARN_BLOCK_CAPTURE_AUTORELEASING = YES;
				CLANG_WARN_BOOL_CONVERSION = YES;
				CLANG_WARN_COMMA = YES;
				CLANG_WARN_CONSTANT_CONVERSION = YES;
				CLANG_WARN_DEPRECATED_OBJC_IMPLEMENTATIONS = YES;
				CLANG_WARN_DIRECT_OBJC_ISA_USAGE = YES_ERROR;
				CLANG_WARN_DOCUMENTATION_COMMENTS = YES;
				CLANG_WARN_EMPTY_BODY = YES;
				CLANG_WARN_ENUM_CONVERSION = YES;
				CLANG_WARN_INFINITE_RECURSION = YES;
				CLANG_WARN_INT_CONVERSION = YES;
				CLANG_WARN_NON_LITERAL_NULL_CONVERSION = YES;
				CLANG_WARN_OBJC_IMPLICIT_RETAIN_SELF = YES;
				CLANG_WARN_OBJC_LITERAL_CONVERSION = YES;
				CLANG_WARN_OBJC_ROOT_CLASS = YES_ERROR;
				CLANG_WARN_QUOTED_INCLUDE_IN_FRAMEWORK_HEADER = YES;
				CLANG_WARN_RANGE_LOOP_ANALYSIS = YES;
				CLANG_WARN_STRICT_PROTOTYPES = YES;
				CLANG_WARN_SUSPICIOUS_MOVE = YES;
				CLANG_WARN_UNGUARDED_AVAILABILITY = YES_AGGRESSIVE;
				CLANG_WARN_UNREACHABLE_CODE = YES;
				CLANG_WARN__DUPLICATE_METHOD_MATCH = YES;
				COPY_PHASE_STRIP = NO;
				DEBUG_INFORMATION_FORMAT = "dwarf-with-dsym";
				ENABLE_NS_ASSERTIONS = NO;
				ENABLE_STRICT_OBJC_MSGSEND = YES;
				ENABLE_USER_SCRIPT_SANDBOXING = YES;
				GCC_C_LANGUAGE_STANDARD = gnu17;
				GCC_NO_COMMON_BLOCKS = YES;
				GCC_WARN_64_TO_32_BIT_CONVERSION = YES;
				GCC_WARN_ABOUT_RETURN_TYPE = YES_ERROR;
				GCC_WARN_UNDECLARED_SELECTOR = YES;
				GCC_WARN_UNINITIALIZED_AUTOS = YES_AGGRESSIVE;
				GCC_WARN_UNUSED_FUNCTION = YES;
				GCC_WARN_UNUSED_VARIABLE = YES;
				IPHONEOS_DEPLOYMENT_TARGET = 17.5;
				LOCALIZATION_PREFERS_STRING_CATALOGS = YES;
				MTL_ENABLE_DEBUG_INFO = NO;
				MTL_FAST_MATH = YES;
				SDKROOT = iphoneos;
				SWIFT_COMPILATION_MODE = wholemodule;
				VALIDATE_PRODUCT = YES;
			};
			name = Release;
		};
		B562434E2C1CE32A001257E1 /* Debug */ = {
			isa = XCBuildConfiguration;
			buildSettings = {
				ASSETCATALOG_COMPILER_APPICON_NAME = AppIcon;
				ASSETCATALOG_COMPILER_GLOBAL_ACCENT_COLOR_NAME = AccentColor;
				CODE_SIGN_STYLE = Automatic;
				CURRENT_PROJECT_VERSION = 1;
				DEVELOPMENT_ASSET_PATHS = "\"Landmarks/Preview Content\"";
				ENABLE_PREVIEWS = YES;
				GENERATE_INFOPLIST_FILE = YES;
				INFOPLIST_KEY_UIApplicationSceneManifest_Generation = YES;
				INFOPLIST_KEY_UIApplicationSupportsIndirectInputEvents = YES;
				INFOPLIST_KEY_UILaunchScreen_Generation = YES;
				INFOPLIST_KEY_UISupportedInterfaceOrientations_iPad = "UIInterfaceOrientationPortrait UIInterfaceOrientationPortraitUpsideDown UIInterfaceOrientationLandscapeLeft UIInterfaceOrientationLandscapeRight";
				INFOPLIST_KEY_UISupportedInterfaceOrientations_iPhone = "UIInterfaceOrientationPortrait UIInterfaceOrientationLandscapeLeft UIInterfaceOrientationLandscapeRight";
				LD_RUNPATH_SEARCH_PATHS = (
					"$(inherited)",
					"@executable_path/Frameworks",
				);
				MARKETING_VERSION = 1.0;
				PRODUCT_BUNDLE_IDENTIFIER = com.benaxline.Landmarks;
				PRODUCT_NAME = "$(TARGET_NAME)";
				SWIFT_EMIT_LOC_STRINGS = YES;
				SWIFT_VERSION = 5.0;
				TARGETED_DEVICE_FAMILY = "1,2";
			};
			name = Debug;
		};
		B562434F2C1CE32A001257E1 /* Release */ = {
			isa = XCBuildConfiguration;
			buildSettings = {
				ASSETCATALOG_COMPILER_APPICON_NAME = AppIcon;
				ASSETCATALOG_COMPILER_GLOBAL_ACCENT_COLOR_NAME = AccentColor;
				CODE_SIGN_STYLE = Automatic;
				CURRENT_PROJECT_VERSION = 1;
				DEVELOPMENT_ASSET_PATHS = "\"Landmarks/Preview Content\"";
				ENABLE_PREVIEWS = YES;
				GENERATE_INFOPLIST_FILE = YES;
				INFOPLIST_KEY_UIApplicationSceneManifest_Generation = YES;
				INFOPLIST_KEY_UIApplicationSupportsIndirectInputEvents = YES;
				INFOPLIST_KEY_UILaunchScreen_Generation = YES;
				INFOPLIST_KEY_UISupportedInterfaceOrientations_iPad = "UIInterfaceOrientationPortrait UIInterfaceOrientationPortraitUpsideDown UIInterfaceOrientationLandscapeLeft UIInterfaceOrientationLandscapeRight";
				INFOPLIST_KEY_UISupportedInterfaceOrientations_iPhone = "UIInterfaceOrientationPortrait UIInterfaceOrientationLandscapeLeft UIInterfaceOrientationLandscapeRight";
				LD_RUNPATH_SEARCH_PATHS = (
					"$(inherited)",
					"@executable_path/Frameworks",
				);
				MARKETING_VERSION = 1.0;
				PRODUCT_BUNDLE_IDENTIFIER = com.benaxline.Landmarks;
				PRODUCT_NAME = "$(TARGET_NAME)";
				SWIFT_EMIT_LOC_STRINGS = YES;
				SWIFT_VERSION = 5.0;
				TARGETED_DEVICE_FAMILY = "1,2";
			};
			name = Release;
		};
		B56243512C1CE32A001257E1 /* Debug */ = {
			isa = XCBuildConfiguration;
			buildSettings = {
				ALWAYS_EMBED_SWIFT_STANDARD_LIBRARIES = YES;
				BUNDLE_LOADER = "$(TEST_HOST)";
				CODE_SIGN_STYLE = Automatic;
				CURRENT_PROJECT_VERSION = 1;
				GENERATE_INFOPLIST_FILE = YES;
				IPHONEOS_DEPLOYMENT_TARGET = 17.5;
				MARKETING_VERSION = 1.0;
				PRODUCT_BUNDLE_IDENTIFIER = com.benaxline.LandmarksTests;
				PRODUCT_NAME = "$(TARGET_NAME)";
				SWIFT_EMIT_LOC_STRINGS = NO;
				SWIFT_VERSION = 5.0;
				TARGETED_DEVICE_FAMILY = "1,2";
				TEST_HOST = "$(BUILT_PRODUCTS_DIR)/Landmarks.app/$(BUNDLE_EXECUTABLE_FOLDER_PATH)/Landmarks";
			};
			name = Debug;
		};
		B56243522C1CE32A001257E1 /* Release */ = {
			isa = XCBuildConfiguration;
			buildSettings = {
				ALWAYS_EMBED_SWIFT_STANDARD_LIBRARIES = YES;
				BUNDLE_LOADER = "$(TEST_HOST)";
				CODE_SIGN_STYLE = Automatic;
				CURRENT_PROJECT_VERSION = 1;
				GENERATE_INFOPLIST_FILE = YES;
				IPHONEOS_DEPLOYMENT_TARGET = 17.5;
				MARKETING_VERSION = 1.0;
				PRODUCT_BUNDLE_IDENTIFIER = com.benaxline.LandmarksTests;
				PRODUCT_NAME = "$(TARGET_NAME)";
				SWIFT_EMIT_LOC_STRINGS = NO;
				SWIFT_VERSION = 5.0;
				TARGETED_DEVICE_FAMILY = "1,2";
				TEST_HOST = "$(BUILT_PRODUCTS_DIR)/Landmarks.app/$(BUNDLE_EXECUTABLE_FOLDER_PATH)/Landmarks";
			};
			name = Release;
		};
		B56243542C1CE32A001257E1 /* Debug */ = {
			isa = XCBuildConfiguration;
			buildSettings = {
				ALWAYS_EMBED_SWIFT_STANDARD_LIBRARIES = YES;
				CODE_SIGN_STYLE = Automatic;
				CURRENT_PROJECT_VERSION = 1;
				GENERATE_INFOPLIST_FILE = YES;
				MARKETING_VERSION = 1.0;
				PRODUCT_BUNDLE_IDENTIFIER = com.benaxline.LandmarksUITests;
				PRODUCT_NAME = "$(TARGET_NAME)";
				SWIFT_EMIT_LOC_STRINGS = NO;
				SWIFT_VERSION = 5.0;
				TARGETED_DEVICE_FAMILY = "1,2";
				TEST_TARGET_NAME = Landmarks;
			};
			name = Debug;
		};
		B56243552C1CE32A001257E1 /* Release */ = {
			isa = XCBuildConfiguration;
			buildSettings = {
				ALWAYS_EMBED_SWIFT_STANDARD_LIBRARIES = YES;
				CODE_SIGN_STYLE = Automatic;
				CURRENT_PROJECT_VERSION = 1;
				GENERATE_INFOPLIST_FILE = YES;
				MARKETING_VERSION = 1.0;
				PRODUCT_BUNDLE_IDENTIFIER = com.benaxline.LandmarksUITests;
				PRODUCT_NAME = "$(TARGET_NAME)";
				SWIFT_EMIT_LOC_STRINGS = NO;
				SWIFT_VERSION = 5.0;
				TARGETED_DEVICE_FAMILY = "1,2";
				TEST_TARGET_NAME = Landmarks;
			};
			name = Release;
		};
/* End XCBuildConfiguration section */

/* Begin XCConfigurationList section */
		B5425ACC2C2329CF00B9FA30 /* Build configuration list for PBXNativeTarget "MacLandmarks" */ = {
			isa = XCConfigurationList;
			buildConfigurations = (
				B5425AC62C2329CF00B9FA30 /* Debug */,
				B5425AC72C2329CF00B9FA30 /* Release */,
			);
			defaultConfigurationIsVisible = 0;
			defaultConfigurationName = Release;
		};
		B5425ACD2C2329CF00B9FA30 /* Build configuration list for PBXNativeTarget "MacLandmarksTests" */ = {
			isa = XCConfigurationList;
			buildConfigurations = (
				B5425AC82C2329CF00B9FA30 /* Debug */,
				B5425AC92C2329CF00B9FA30 /* Release */,
			);
			defaultConfigurationIsVisible = 0;
			defaultConfigurationName = Release;
		};
		B5425ACE2C2329CF00B9FA30 /* Build configuration list for PBXNativeTarget "MacLandmarksUITests" */ = {
			isa = XCConfigurationList;
			buildConfigurations = (
				B5425ACA2C2329CF00B9FA30 /* Debug */,
				B5425ACB2C2329CF00B9FA30 /* Release */,
			);
			defaultConfigurationIsVisible = 0;
			defaultConfigurationName = Release;
		};
		B56243242C1CE327001257E1 /* Build configuration list for PBXProject "Landmarks" */ = {
			isa = XCConfigurationList;
			buildConfigurations = (
				B562434B2C1CE32A001257E1 /* Debug */,
				B562434C2C1CE32A001257E1 /* Release */,
			);
			defaultConfigurationIsVisible = 0;
			defaultConfigurationName = Release;
		};
		B562434D2C1CE32A001257E1 /* Build configuration list for PBXNativeTarget "Landmarks" */ = {
			isa = XCConfigurationList;
			buildConfigurations = (
				B562434E2C1CE32A001257E1 /* Debug */,
				B562434F2C1CE32A001257E1 /* Release */,
			);
			defaultConfigurationIsVisible = 0;
			defaultConfigurationName = Release;
		};
		B56243502C1CE32A001257E1 /* Build configuration list for PBXNativeTarget "LandmarksTests" */ = {
			isa = XCConfigurationList;
			buildConfigurations = (
				B56243512C1CE32A001257E1 /* Debug */,
				B56243522C1CE32A001257E1 /* Release */,
			);
			defaultConfigurationIsVisible = 0;
			defaultConfigurationName = Release;
		};
		B56243532C1CE32A001257E1 /* Build configuration list for PBXNativeTarget "LandmarksUITests" */ = {
			isa = XCConfigurationList;
			buildConfigurations = (
				B56243542C1CE32A001257E1 /* Debug */,
				B56243552C1CE32A001257E1 /* Release */,
			);
			defaultConfigurationIsVisible = 0;
			defaultConfigurationName = Release;
		};
/* End XCConfigurationList section */
	};
	rootObject = B56243212C1CE327001257E1 /* Project object */;
}
